
Microsoft Visual Studio Solution File, Format Version 12.00
# Visual Studio Version 16
VisualStudioVersion = 16.0.30907.101
MinimumVisualStudioVersion = 10.0.40219.1
Project("{9A19103F-16F7-4668-BE54-9A1E7A4F7556}") = "Entities", "Entities\Entities.csproj", "{DC65D927-106E-4D5A-9227-71C82746DC46}"
EndProject
Project("{9A19103F-16F7-4668-BE54-9A1E7A4F7556}") = "DataAccess", "DataAccess\DataAccess.csproj", "{683ABA09-E96A-4D50-9669-5C3472E53F8F}"
EndProject
Project("{9A19103F-16F7-4668-BE54-9A1E7A4F7556}") = "Business", "Business\Business.csproj", "{EC5113D7-96B4-4E00-908C-E8D606AD4F08}"
EndProject
Project("{9A19103F-16F7-4668-BE54-9A1E7A4F7556}") = "ConsoleApp", "ConsoleApp\ConsoleApp.csproj", "{1ED31AC9-A4AE-45EC-906B-3EF137FB0C0F}"
EndProject
Project("{9A19103F-16F7-4668-BE54-9A1E7A4F7556}") = "Core", "Core\Core.csproj", "{7F2D2473-7421-42E4-8FE4-F4408023B625}"
EndProject
Project("{FAE04EC0-301F-11D3-BF4B-00C04F79EFBC}") = "WebAPI", "WebAPI\WebAPI.csproj", "{489751F0-F809-4F80-8619-2B2624AC3548}"
EndProject
Global
	GlobalSection(SolutionConfigurationPlatforms) = preSolution
		Debug|Any CPU = Debug|Any CPU
		Release|Any CPU = Release|Any CPU
	EndGlobalSection
	GlobalSection(ProjectConfigurationPlatforms) = postSolution
		{DC65D927-106E-4D5A-9227-71C82746DC46}.Debug|Any CPU.ActiveCfg = Debug|Any CPU
		{DC65D927-106E-4D5A-9227-71C82746DC46}.Debug|Any CPU.Build.0 = Debug|Any CPU
		{DC65D927-106E-4D5A-9227-71C82746DC46}.Release|Any CPU.ActiveCfg = Release|Any CPU
		{DC65D927-106E-4D5A-9227-71C82746DC46}.Release|Any CPU.Build.0 = Release|Any CPU
		{683ABA09-E96A-4D50-9669-5C3472E53F8F}.Debug|Any CPU.ActiveCfg = Debug|Any CPU
		{683ABA09-E96A-4D50-9669-5C3472E53F8F}.Debug|Any CPU.Build.0 = Debug|Any CPU
		{683ABA09-E96A-4D50-9669-5C3472E53F8F}.Release|Any CPU.ActiveCfg = Release|Any CPU
		{683ABA09-E96A-4D50-9669-5C3472E53F8F}.Release|Any CPU.Build.0 = Release|Any CPU
		{EC5113D7-96B4-4E00-908C-E8D606AD4F08}.Debug|Any CPU.ActiveCfg = Debug|Any CPU
		{EC5113D7-96B4-4E00-908C-E8D606AD4F08}.Debug|Any CPU.Build.0 = Debug|Any CPU
		{EC5113D7-96B4-4E00-908C-E8D606AD4F08}.Release|Any CPU.ActiveCfg = Release|Any CPU
		{EC5113D7-96B4-4E00-908C-E8D606AD4F08}.Release|Any CPU.Build.0 = Release|Any CPU
		{1ED31AC9-A4AE-45EC-906B-3EF137FB0C0F}.Debug|Any CPU.ActiveCfg = Debug|Any CPU
		{1ED31AC9-A4AE-45EC-906B-3EF137FB0C0F}.Debug|Any CPU.Build.0 = Debug|Any CPU
		{1ED31AC9-A4AE-45EC-906B-3EF137FB0C0F}.Release|Any CPU.ActiveCfg = Release|Any CPU
		{1ED31AC9-A4AE-45EC-906B-3EF137FB0C0F}.Release|Any CPU.Build.0 = Release|Any CPU
		{7F2D2473-7421-42E4-8FE4-F4408023B625}.Debug|Any CPU.ActiveCfg = Debug|Any CPU
		{7F2D2473-7421-42E4-8FE4-F4408023B625}.Debug|Any CPU.Build.0 = Debug|Any CPU
		{7F2D2473-7421-42E4-8FE4-F4408023B625}.Release|Any CPU.ActiveCfg = Release|Any CPU
		{7F2D2473-7421-42E4-8FE4-F4408023B625}.Release|Any CPU.Build.0 = Release|Any CPU
		{489751F0-F809-4F80-8619-2B2624AC3548}.Debug|Any CPU.ActiveCfg = Debug|Any CPU
		{489751F0-F809-4F80-8619-2B2624AC3548}.Debug|Any CPU.Build.0 = Debug|Any CPU
		{489751F0-F809-4F80-8619-2B2624AC3548}.Release|Any CPU.ActiveCfg = Release|Any CPU
		{489751F0-F809-4F80-8619-2B2624AC3548}.Release|Any CPU.Build.0 = Release|Any CPU
	EndGlobalSection
	GlobalSection(SolutionProperties) = preSolution
		HideSolutionNode = FALSE
	EndGlobalSection
	GlobalSection(ExtensibilityGlobals) = postSolution
		SolutionGuid = {0F8DF895-4F28-4676-B27C-C11874E8FD6B}
	EndGlobalSection
EndGlobal
